// !$*UTF8*$!
{
	archiveVersion = 1;
	classes = {
	};
	objectVersion = 46;
	objects = {

/* Begin PBXBuildFile section */
		490AE8371B4BDCBF000D6CB4 /* MealTableViewController.swift in Sources */ = {isa = PBXBuildFile; fileRef = 490AE8361B4BDCBF000D6CB4 /* MealTableViewController.swift */; };
		4942F96C1B43FFA00038BFFA /* Meal.swift in Sources */ = {isa = PBXBuildFile; fileRef = 4942F96B1B43FFA00038BFFA /* Meal.swift */; };
		4942F96D1B43FFA00038BFFA /* Meal.swift in Sources */ = {isa = PBXBuildFile; fileRef = 4942F96B1B43FFA00038BFFA /* Meal.swift */; };
		4942F96F1B440E500038BFFA /* MealTableViewCell.swift in Sources */ = {isa = PBXBuildFile; fileRef = 4942F96E1B440E500038BFFA /* MealTableViewCell.swift */; };
		49577B0A1B3ACB7100D10059 /* AppDelegate.swift in Sources */ = {isa = PBXBuildFile; fileRef = 49577B091B3ACB7100D10059 /* AppDelegate.swift */; };
		49577B0C1B3ACB7100D10059 /* ViewController.swift in Sources */ = {isa = PBXBuildFile; fileRef = 49577B0B1B3ACB7100D10059 /* ViewController.swift */; };
		49577B0F1B3ACB7100D10059 /* Main.storyboard in Resources */ = {isa = PBXBuildFile; fileRef = 49577B0D1B3ACB7100D10059 /* Main.storyboard */; };
		49577B141B3ACB7100D10059 /* LaunchScreen.storyboard in Resources */ = {isa = PBXBuildFile; fileRef = 49577B121B3ACB7100D10059 /* LaunchScreen.storyboard */; };
		49577B1F1B3ACB7100D10059 /* ChineseFoodTrackerTests.swift in Sources */ = {isa = PBXBuildFile; fileRef = 49577B1E1B3ACB7100D10059 /* ChineseFoodTrackerTests.swift */; };
		49FB90831B416A4F00125811 /* RatingControl.swift in Sources */ = {isa = PBXBuildFile; fileRef = 49FB90821B416A4F00125811 /* RatingControl.swift */; };
		49FB90871B41914200125811 /* Assets.xcassets in Resources */ = {isa = PBXBuildFile; fileRef = 49FB90861B41914200125811 /* Assets.xcassets */; };
/* End PBXBuildFile section */

/* Begin PBXContainerItemProxy section */
		49577B1B1B3ACB7100D10059 /* PBXContainerItemProxy */ = {
			isa = PBXContainerItemProxy;
			containerPortal = 49577AFE1B3ACB7100D10059 /* Project object */;
			proxyType = 1;
			remoteGlobalIDString = 49577B051B3ACB7100D10059;
			remoteInfo = ChineseFoodTracker;
		};
/* End PBXContainerItemProxy section */

/* Begin PBXFileReference section */
		490AE8361B4BDCBF000D6CB4 /* MealTableViewController.swift */ = {isa = PBXFileReference; fileEncoding = 4; lastKnownFileType = sourcecode.swift; path = MealTableViewController.swift; sourceTree = "<group>"; };
		4942F96B1B43FFA00038BFFA /* Meal.swift */ = {isa = PBXFileReference; fileEncoding = 4; lastKnownFileType = sourcecode.swift; name = Meal.swift; path = ../Meal.swift; sourceTree = "<group>"; };
		4942F96E1B440E500038BFFA /* MealTableViewCell.swift */ = {isa = PBXFileReference; fileEncoding = 4; lastKnownFileType = sourcecode.swift; path = MealTableViewCell.swift; sourceTree = "<group>"; };
		49577B061B3ACB7100D10059 /* ChineseFoodTracker.app */ = {isa = PBXFileReference; explicitFileType = wrapper.application; includeInIndex = 0; path = ChineseFoodTracker.app; sourceTree = BUILT_PRODUCTS_DIR; };
		49577B091B3ACB7100D10059 /* AppDelegate.swift */ = {isa = PBXFileReference; lastKnownFileType = sourcecode.swift; path = AppDelegate.swift; sourceTree = "<group>"; };
		49577B0B1B3ACB7100D10059 /* ViewController.swift */ = {isa = PBXFileReference; lastKnownFileType = sourcecode.swift; path = ViewController.swift; sourceTree = "<group>"; };
		49577B0E1B3ACB7100D10059 /* Base */ = {isa = PBXFileReference; lastKnownFileType = file.storyboard; name = Base; path = Base.lproj/Main.storyboard; sourceTree = "<group>"; };
		49577B131B3ACB7100D10059 /* Base */ = {isa = PBXFileReference; lastKnownFileType = file.storyboard; name = Base; path = Base.lproj/LaunchScreen.storyboard; sourceTree = "<group>"; };
		49577B151B3ACB7100D10059 /* Info.plist */ = {isa = PBXFileReference; lastKnownFileType = text.plist.xml; path = Info.plist; sourceTree = "<group>"; };
		49577B1A1B3ACB7100D10059 /* ChineseFoodTrackerTests.xctest */ = {isa = PBXFileReference; explicitFileType = wrapper.cfbundle; includeInIndex = 0; path = ChineseFoodTrackerTests.xctest; sourceTree = BUILT_PRODUCTS_DIR; };
		49577B1E1B3ACB7100D10059 /* ChineseFoodTrackerTests.swift */ = {isa = PBXFileReference; lastKnownFileType = sourcecode.swift; path = ChineseFoodTrackerTests.swift; sourceTree = "<group>"; };
		49577B201B3ACB7100D10059 /* Info.plist */ = {isa = PBXFileReference; lastKnownFileType = text.plist.xml; path = Info.plist; sourceTree = "<group>"; };
		49FB90821B416A4F00125811 /* RatingControl.swift */ = {isa = PBXFileReference; fileEncoding = 4; lastKnownFileType = sourcecode.swift; path = RatingControl.swift; sourceTree = "<group>"; };
		49FB90861B41914200125811 /* Assets.xcassets */ = {isa = PBXFileReference; lastKnownFileType = folder.assetcatalog; name = Assets.xcassets; path = ChineseFoodTracker/Assets.xcassets; sourceTree = "<group>"; };
/* End PBXFileReference section */

/* Begin PBXFrameworksBuildPhase section */
		49577B031B3ACB7100D10059 /* Frameworks */ = {
			isa = PBXFrameworksBuildPhase;
			buildActionMask = 2147483647;
			files = (
			);
			runOnlyForDeploymentPostprocessing = 0;
		};
		49577B171B3ACB7100D10059 /* Frameworks */ = {
			isa = PBXFrameworksBuildPhase;
			buildActionMask = 2147483647;
			files = (
			);
			runOnlyForDeploymentPostprocessing = 0;
		};
/* End PBXFrameworksBuildPhase section */

/* Begin PBXGroup section */
		49577AFD1B3ACB7100D10059 = {
			isa = PBXGroup;
			children = (
				49FB90861B41914200125811 /* Assets.xcassets */,
				49577B081B3ACB7100D10059 /* ChineseFoodTracker */,
				49577B1D1B3ACB7100D10059 /* ChineseFoodTrackerTests */,
				49577B071B3ACB7100D10059 /* Products */,
			);
			sourceTree = "<group>";
		};
		49577B071B3ACB7100D10059 /* Products */ = {
			isa = PBXGroup;
			children = (
				49577B061B3ACB7100D10059 /* ChineseFoodTracker.app */,
				49577B1A1B3ACB7100D10059 /* ChineseFoodTrackerTests.xctest */,
			);
			name = Products;
			sourceTree = "<group>";
		};
		49577B081B3ACB7100D10059 /* ChineseFoodTracker */ = {
			isa = PBXGroup;
			children = (
				4942F96B1B43FFA00038BFFA /* Meal.swift */,
				49577B091B3ACB7100D10059 /* AppDelegate.swift */,
				49577B0B1B3ACB7100D10059 /* ViewController.swift */,
				49FB90821B416A4F00125811 /* RatingControl.swift */,
				49577B0D1B3ACB7100D10059 /* Main.storyboard */,
				4942F96E1B440E500038BFFA /* MealTableViewCell.swift */,
				490AE8361B4BDCBF000D6CB4 /* MealTableViewController.swift */,
				49577B121B3ACB7100D10059 /* LaunchScreen.storyboard */,
				49577B151B3ACB7100D10059 /* Info.plist */,
			);
			path = ChineseFoodTracker;
			sourceTree = "<group>";
		};
		49577B1D1B3ACB7100D10059 /* ChineseFoodTrackerTests */ = {
			isa = PBXGroup;
			children = (
				49577B1E1B3ACB7100D10059 /* ChineseFoodTrackerTests.swift */,
				49577B201B3ACB7100D10059 /* Info.plist */,
			);
			path = ChineseFoodTrackerTests;
			sourceTree = "<group>";
		};
/* End PBXGroup section */

/* Begin PBXNativeTarget section */
		49577B051B3ACB7100D10059 /* ChineseFoodTracker */ = {
			isa = PBXNativeTarget;
			buildConfigurationList = 49577B231B3ACB7100D10059 /* Build configuration list for PBXNativeTarget "ChineseFoodTracker" */;
			buildPhases = (
				49577B021B3ACB7100D10059 /* Sources */,
				49577B031B3ACB7100D10059 /* Frameworks */,
				49577B041B3ACB7100D10059 /* Resources */,
			);
			buildRules = (
			);
			dependencies = (
			);
			name = ChineseFoodTracker;
			productName = ChineseFoodTracker;
			productReference = 49577B061B3ACB7100D10059 /* ChineseFoodTracker.app */;
			productType = "com.apple.product-type.application";
		};
		49577B191B3ACB7100D10059 /* ChineseFoodTrackerTests */ = {
			isa = PBXNativeTarget;
			buildConfigurationList = 49577B261B3ACB7100D10059 /* Build configuration list for PBXNativeTarget "ChineseFoodTrackerTests" */;
			buildPhases = (
				49577B161B3ACB7100D10059 /* Sources */,
				49577B171B3ACB7100D10059 /* Frameworks */,
				49577B181B3ACB7100D10059 /* Resources */,
			);
			buildRules = (
			);
			dependencies = (
				49577B1C1B3ACB7100D10059 /* PBXTargetDependency */,
			);
			name = ChineseFoodTrackerTests;
			productName = ChineseFoodTrackerTests;
			productReference = 49577B1A1B3ACB7100D10059 /* ChineseFoodTrackerTests.xctest */;
			productType = "com.apple.product-type.bundle.unit-test";
		};
/* End PBXNativeTarget section */

/* Begin PBXProject section */
		49577AFE1B3ACB7100D10059 /* Project object */ = {
			isa = PBXProject;
			attributes = {
				LastUpgradeCheck = 0700;
				ORGANIZATIONNAME = goldendata;
				TargetAttributes = {
					49577B051B3ACB7100D10059 = {
						CreatedOnToolsVersion = 7.0;
					};
					49577B191B3ACB7100D10059 = {
						CreatedOnToolsVersion = 7.0;
						TestTargetID = 49577B051B3ACB7100D10059;
					};
				};
			};
			buildConfigurationList = 49577B011B3ACB7100D10059 /* Build configuration list for PBXProject "ChineseFoodTracker" */;
			compatibilityVersion = "Xcode 3.2";
			developmentRegion = English;
			hasScannedForEncodings = 0;
			knownRegions = (
				en,
				Base,
			);
			mainGroup = 49577AFD1B3ACB7100D10059;
			productRefGroup = 49577B071B3ACB7100D10059 /* Products */;
			projectDirPath = "";
			projectRoot = "";
			targets = (
				49577B051B3ACB7100D10059 /* ChineseFoodTracker */,
				49577B191B3ACB7100D10059 /* ChineseFoodTrackerTests */,
			);
		};
/* End PBXProject section */

/* Begin PBXResourcesBuildPhase section */
		49577B041B3ACB7100D10059 /* Resources */ = {
			isa = PBXResourcesBuildPhase;
			buildActionMask = 2147483647;
			files = (
				49577B141B3ACB7100D10059 /* LaunchScreen.storyboard in Resources */,
				49FB90871B41914200125811 /* Assets.xcassets in Resources */,
				49577B0F1B3ACB7100D10059 /* Main.storyboard in Resources */,
			);
			runOnlyForDeploymentPostprocessing = 0;
		};
		49577B181B3ACB7100D10059 /* Resources */ = {
			isa = PBXResourcesBuildPhase;
			buildActionMask = 2147483647;
			files = (
			);
			runOnlyForDeploymentPostprocessing = 0;
		};
/* End PBXResourcesBuildPhase section */

/* Begin PBXSourcesBuildPhase section */
		49577B021B3ACB7100D10059 /* Sources */ = {
			isa = PBXSourcesBuildPhase;
			buildActionMask = 2147483647;
			files = (
				4942F96C1B43FFA00038BFFA /* Meal.swift in Sources */,
				49577B0C1B3ACB7100D10059 /* ViewController.swift in Sources */,
				49FB90831B416A4F00125811 /* RatingControl.swift in Sources */,
				49577B0A1B3ACB7100D10059 /* AppDelegate.swift in Sources */,
				490AE8371B4BDCBF000D6CB4 /* MealTableViewController.swift in Sources */,
				4942F96F1B440E500038BFFA /* MealTableViewCell.swift in Sources */,
			);
			runOnlyForDeploymentPostprocessing = 0;
		};
		49577B161B3ACB7100D10059 /* Sources */ = {
			isa = PBXSourcesBuildPhase;
			buildActionMask = 2147483647;
			files = (
				4942F96D1B43FFA00038BFFA /* Meal.swift in Sources */,
				49577B1F1B3ACB7100D10059 /* ChineseFoodTrackerTests.swift in Sources */,
			);
			runOnlyForDeploymentPostprocessing = 0;
		};
/* End PBXSourcesBuildPhase section */

/* Begin PBXTargetDependency section */
		49577B1C1B3ACB7100D10059 /* PBXTargetDependency */ = {
			isa = PBXTargetDependency;
			target = 49577B051B3ACB7100D10059 /* ChineseFoodTracker */;
			targetProxy = 49577B1B1B3ACB7100D10059 /* PBXContainerItemProxy */;
		};
/* End PBXTargetDependency section */

/* Begin PBXVariantGroup section */
		49577B0D1B3ACB7100D10059 /* Main.storyboard */ = {
			isa = PBXVariantGroup;
			children = (
				49577B0E1B3ACB7100D10059 /* Base */,
			);
			name = Main.storyboard;
			sourceTree = "<group>";
		};
		49577B121B3ACB7100D10059 /* LaunchScreen.storyboard */ = {
			isa = PBXVariantGroup;
			children = (
				49577B131B3ACB7100D10059 /* Base */,
			);
			name = LaunchScreen.storyboard;
			sourceTree = "<group>";
		};
/* End PBXVariantGroup section */

/* Begin XCBuildConfiguration section */
		49577B211B3ACB7100D10059 /* Debug */ = {
			isa = XCBuildConfiguration;
			buildSettings = {
				ALWAYS_SEARCH_USER_PATHS = NO;
				CLANG_CXX_LANGUAGE_STANDARD = "gnu++0x";
				CLANG_CXX_LIBRARY = "libc++";
				CLANG_ENABLE_MODULES = YES;
				CLANG_ENABLE_OBJC_ARC = YES;
				CLANG_WARN_BOOL_CONVERSION = YES;
				CLANG_WARN_CONSTANT_CONVERSION = YES;
				CLANG_WARN_DIRECT_OBJC_ISA_USAGE = YES_ERROR;
				CLANG_WARN_EMPTY_BODY = YES;
				CLANG_WARN_ENUM_CONVERSION = YES;
				CLANG_WARN_INT_CONVERSION = YES;
				CLANG_WARN_OBJC_ROOT_CLASS = YES_ERROR;
				CLANG_WARN_UNREACHABLE_CODE = YES;
				CLANG_WARN__DUPLICATE_METHOD_MATCH = YES;
				"CODE_SIGN_IDENTITY[sdk=iphoneos*]" = "iPhone Developer";
				COPY_PHASE_STRIP = NO;
				DEBUG_INFORMATION_FORMAT = dwarf;
				ENABLE_STRICT_OBJC_MSGSEND = YES;
				ENABLE_TESTABILITY = YES;
				GCC_C_LANGUAGE_STANDARD = gnu99;
				GCC_DYNAMIC_NO_PIC = NO;
				GCC_NO_COMMON_BLOCKS = YES;
				GCC_OPTIMIZATION_LEVEL = 0;
				GCC_PREPROCESSOR_DEFINITIONS = (
					"DEBUG=1",
					"$(inherited)",
				);
				GCC_WARN_64_TO_32_BIT_CONVERSION = YES;
				GCC_WARN_ABOUT_RETURN_TYPE = YES_ERROR;
				GCC_WARN_UNDECLARED_SELECTOR = YES;
				GCC_WARN_UNINITIALIZED_AUTOS = YES_AGGRESSIVE;
				GCC_WARN_UNUSED_FUNCTION = YES;
				GCC_WARN_UNUSED_VARIABLE = YES;
				IPHONEOS_DEPLOYMENT_TARGET = 9.0;
				MTL_ENABLE_DEBUG_INFO = YES;
				ONLY_ACTIVE_ARCH = YES;
				SDKROOT = iphoneos;
				SWIFT_OPTIMIZATION_LEVEL = "-Onone";
				TARGETED_DEVICE_FAMILY = "1,2";
			};
			name = Debug;
		};
		49577B221B3ACB7100D10059 /* Release */ = {
			isa = XCBuildConfiguration;
			buildSettings = {
				ALWAYS_SEARCH_USER_PATHS = NO;
				CLANG_CXX_LANGUAGE_STANDARD = "gnu++0x";
				CLANG_CXX_LIBRARY = "libc++";
				CLANG_ENABLE_MODULES = YES;
				CLANG_ENABLE_OBJC_ARC = YES;
				CLANG_WARN_BOOL_CONVERSION = YES;
				CLANG_WARN_CONSTANT_CONVERSION = YES;
				CLANG_WARN_DIRECT_OBJC_ISA_USAGE = YES_ERROR;
				CLANG_WARN_EMPTY_BODY = YES;
				CLANG_WARN_ENUM_CONVERSION = YES;
				CLANG_WARN_INT_CONVERSION = YES;
				CLANG_WARN_OBJC_ROOT_CLASS = YES_ERROR;
				CLANG_WARN_UNREACHABLE_CODE = YES;
				CLANG_WARN__DUPLICATE_METHOD_MATCH = YES;
				"CODE_SIGN_IDENTITY[sdk=iphoneos*]" = "iPhone Developer";
				COPY_PHASE_STRIP = NO;
				DEBUG_INFORMATION_FORMAT = "dwarf-with-dsym";
				ENABLE_NS_ASSERTIONS = NO;
				ENABLE_STRICT_OBJC_MSGSEND = YES;
				GCC_C_LANGUAGE_STANDARD = gnu99;
				GCC_NO_COMMON_BLOCKS = YES;
				GCC_WARN_64_TO_32_BIT_CONVERSION = YES;
				GCC_WARN_ABOUT_RETURN_TYPE = YES_ERROR;
				GCC_WARN_UNDECLARED_SELECTOR = YES;
				GCC_WARN_UNINITIALIZED_AUTOS = YES_AGGRESSIVE;
				GCC_WARN_UNUSED_FUNCTION = YES;
				GCC_WARN_UNUSED_VARIABLE = YES;
				IPHONEOS_DEPLOYMENT_TARGET = 9.0;
				MTL_ENABLE_DEBUG_INFO = NO;
				SDKROOT = iphoneos;
				TARGETED_DEVICE_FAMILY = "1,2";
				VALIDATE_PRODUCT = YES;
			};
			name = Release;
		};
		49577B241B3ACB7100D10059 /* Debug */ = {
			isa = XCBuildConfiguration;
			buildSettings = {
				INFOPLIST_FILE = ChineseFoodTracker/Info.plist;
				LD_RUNPATH_SEARCH_PATHS = "$(inherited) @executable_path/Frameworks";
				PRODUCT_BUNDLE_IDENTIFIER = net.jinshuju.ChineseFoodTracker;
				PRODUCT_NAME = "$(TARGET_NAME)";
			};
			name = Debug;
		};
		49577B251B3ACB7100D10059 /* Release */ = {
			isa = XCBuildConfiguration;
			buildSettings = {
				INFOPLIST_FILE = ChineseFoodTracker/Info.plist;
				LD_RUNPATH_SEARCH_PATHS = "$(inherited) @executable_path/Frameworks";
				PRODUCT_BUNDLE_IDENTIFIER = net.jinshuju.ChineseFoodTracker;
				PRODUCT_NAME = "$(TARGET_NAME)";
			};
			name = Release;
		};
		49577B271B3ACB7100D10059 /* Debug */ = {
			isa = XCBuildConfiguration;
			buildSettings = {
				BUNDLE_LOADER = "$(TEST_HOST)";
				INFOPLIST_FILE = ChineseFoodTrackerTests/Info.plist;
				LD_RUNPATH_SEARCH_PATHS = "$(inherited) @executable_path/Frameworks @loader_path/Frameworks";
				PRODUCT_BUNDLE_IDENTIFIER = net.jinshuju.ChineseFoodTrackerTests;
				PRODUCT_NAME = "$(TARGET_NAME)";
				TEST_HOST = "$(BUILT_PRODUCTS_DIR)/ChineseFoodTracker.app/ChineseFoodTracker";
			};
			name = Debug;
		};
		49577B281B3ACB7100D10059 /* Release */ = {
			isa = XCBuildConfiguration;
			buildSettings = {
				BUNDLE_LOADER = "$(TEST_HOST)";
				INFOPLIST_FILE = ChineseFoodTrackerTests/Info.plist;
				LD_RUNPATH_SEARCH_PATHS = "$(inherited) @executable_path/Frameworks @loader_path/Frameworks";
				PRODUCT_BUNDLE_IDENTIFIER = net.jinshuju.ChineseFoodTrackerTests;
				PRODUCT_NAME = "$(TARGET_NAME)";
				TEST_HOST = "$(BUILT_PRODUCTS_DIR)/ChineseFoodTracker.app/ChineseFoodTracker";
			};
			name = Release;
		};
/* End XCBuildConfiguration section */

/* Begin XCConfigurationList section */
		49577B011B3ACB7100D10059 /* Build configuration list for PBXProject "ChineseFoodTracker" */ = {
			isa = XCConfigurationList;
			buildConfigurations = (
				49577B211B3ACB7100D10059 /* Debug */,
				49577B221B3ACB7100D10059 /* Release */,
			);
			defaultConfigurationIsVisible = 0;
			defaultConfigurationName = Release;
		};
		49577B231B3ACB7100D10059 /* Build configuration list for PBXNativeTarget "ChineseFoodTracker" */ = {
			isa = XCConfigurationList;
			buildConfigurations = (
				49577B241B3ACB7100D10059 /* Debug */,
				49577B251B3ACB7100D10059 /* Release */,
			);
			defaultConfigurationIsVisible = 0;
			defaultConfigurationName = Release;
		};
		49577B261B3ACB7100D10059 /* Build configuration list for PBXNativeTarget "ChineseFoodTrackerTests" */ = {
			isa = XCConfigurationList;
			buildConfigurations = (
				49577B271B3ACB7100D10059 /* Debug */,
				49577B281B3ACB7100D10059 /* Release */,
			);
			defaultConfigurationIsVisible = 0;
			defaultConfigurationName = Release;
		};
/* End XCConfigurationList section */
	};
	rootObject = 49577AFE1B3ACB7100D10059 /* Project object */;
}
